
Microsoft Visual Studio Solution File, Format Version 12.00
# Visual Studio Version 17
VisualStudioVersion = 17.1.32210.238
MinimumVisualStudioVersion = 10.0.40219.1
Project("{FAE04EC0-301F-11D3-BF4B-00C04F79EFBC}") = "test_obj", "test_obj\test_obj.csproj", "{FC14CBCF-73D4-4F9A-80C9-A396250C119C}"
EndProject
Global
	GlobalSection(SolutionConfigurationPlatforms) = preSolution
		Debug|Any CPU = Debug|Any CPU
		Release|Any CPU = Release|Any CPU
	EndGlobalSection
	GlobalSection(ProjectConfigurationPlatforms) = postSolution
		{FC14CBCF-73D4-4F9A-80C9-A396250C119C}.Debug|Any CPU.ActiveCfg = Debug|Any CPU
		{FC14CBCF-73D4-4F9A-80C9-A396250C119C}.Debug|Any CPU.Build.0 = Debug|Any CPU
		{FC14CBCF-73D4-4F9A-80C9-A396250C119C}.Release|Any CPU.ActiveCfg = Release|Any CPU
		{FC14CBCF-73D4-4F9A-80C9-A396250C119C}.Release|Any CPU.Build.0 = Release|Any CPU
	EndGlobalSection
	GlobalSection(SolutionProperties) = preSolution
		HideSolutionNode = FALSE
	EndGlobalSection
	GlobalSection(ExtensibilityGlobals) = postSolution
		SolutionGuid = {88403778-46AB-4D5F-A093-A79B601B7D4D}
	EndGlobalSection
EndGlobal
